// !$*UTF8*$!
{
	archiveVersion = 1;
	classes = {
	};
	objectVersion = 52;
	objects = {

/* Begin PBXBuildFile section */
		74146D2825F7F81B00AFA881 /* ThreeColumnView.swift in Sources */ = {isa = PBXBuildFile; fileRef = 74146D2725F7F81B00AFA881 /* ThreeColumnView.swift */; };
		7419F62F25FAD157006C31F2 /* Model.swift in Sources */ = {isa = PBXBuildFile; fileRef = 7419F62E25FAD157006C31F2 /* Model.swift */; };
		7419F63025FAD157006C31F2 /* Model.swift in Sources */ = {isa = PBXBuildFile; fileRef = 7419F62E25FAD157006C31F2 /* Model.swift */; };
		7419F63925FAD21F006C31F2 /* SongTextState.swift in Sources */ = {isa = PBXBuildFile; fileRef = 7419F63825FAD21F006C31F2 /* SongTextState.swift */; };
		7419F63A25FAD21F006C31F2 /* SongTextState.swift in Sources */ = {isa = PBXBuildFile; fileRef = 7419F63825FAD21F006C31F2 /* SongTextState.swift */; };
		741FED7325FBC6C000619E77 /* LanguageMenu.swift in Sources */ = {isa = PBXBuildFile; fileRef = 741FED7225FBC6C000619E77 /* LanguageMenu.swift */; };
		741FED7825FBFA0600619E77 /* ViewRequirements.swift in Sources */ = {isa = PBXBuildFile; fileRef = 741FED7725FBFA0600619E77 /* ViewRequirements.swift */; };
		741FED8325FBFDE000619E77 /* MemoryDB+View.swift in Sources */ = {isa = PBXBuildFile; fileRef = 741FED8225FBFDE000619E77 /* MemoryDB+View.swift */; };
		741FED8725FBFDE700619E77 /* MemoryDB+View.swift in Sources */ = {isa = PBXBuildFile; fileRef = 741FED8225FBFDE000619E77 /* MemoryDB+View.swift */; };
		742024D325F825F90067814D /* ThemesController.swift in Sources */ = {isa = PBXBuildFile; fileRef = 742024D225F825F90067814D /* ThemesController.swift */; };
		742024E925F8C8780067814D /* ThemesDataSource.swift in Sources */ = {isa = PBXBuildFile; fileRef = 742024E825F8C8780067814D /* ThemesDataSource.swift */; };
		742024F125F8D8990067814D /* CollectionController.swift in Sources */ = {isa = PBXBuildFile; fileRef = 742024F025F8D8990067814D /* CollectionController.swift */; };
		742024F625F8D9AE0067814D /* SongsController.swift in Sources */ = {isa = PBXBuildFile; fileRef = 742024F525F8D9AE0067814D /* SongsController.swift */; };
		7420250B25F8DBFD0067814D /* SongsDataSource.swift in Sources */ = {isa = PBXBuildFile; fileRef = 7420250A25F8DBFD0067814D /* SongsDataSource.swift */; };
		742D644F25F7DD05001A9E05 /* SongsApp.swift in Sources */ = {isa = PBXBuildFile; fileRef = 742D642625F7DD02001A9E05 /* SongsApp.swift */; };
		742D645025F7DD05001A9E05 /* SongsApp.swift in Sources */ = {isa = PBXBuildFile; fileRef = 742D642625F7DD02001A9E05 /* SongsApp.swift */; };
		742D645125F7DD05001A9E05 /* ContentView.swift in Sources */ = {isa = PBXBuildFile; fileRef = 742D642725F7DD02001A9E05 /* ContentView.swift */; };
		742D645225F7DD05001A9E05 /* ContentView.swift in Sources */ = {isa = PBXBuildFile; fileRef = 742D642725F7DD02001A9E05 /* ContentView.swift */; };
		742D645325F7DD05001A9E05 /* Assets.xcassets in Resources */ = {isa = PBXBuildFile; fileRef = 742D642825F7DD05001A9E05 /* Assets.xcassets */; };
		742D645425F7DD05001A9E05 /* Assets.xcassets in Resources */ = {isa = PBXBuildFile; fileRef = 742D642825F7DD05001A9E05 /* Assets.xcassets */; };
		742D646925F7DD4A001A9E05 /* BrowserState.swift in Sources */ = {isa = PBXBuildFile; fileRef = 742D646725F7DD4A001A9E05 /* BrowserState.swift */; };
		742D646A25F7DD4A001A9E05 /* BrowserState.swift in Sources */ = {isa = PBXBuildFile; fileRef = 742D646725F7DD4A001A9E05 /* BrowserState.swift */; };
		742D646B25F7DD4A001A9E05 /* MemoryDB.swift in Sources */ = {isa = PBXBuildFile; fileRef = 742D646825F7DD4A001A9E05 /* MemoryDB.swift */; };
		742D646C25F7DD4A001A9E05 /* MemoryDB.swift in Sources */ = {isa = PBXBuildFile; fileRef = 742D646825F7DD4A001A9E05 /* MemoryDB.swift */; };
		742D647325F7DD6E001A9E05 /* Tagged in Frameworks */ = {isa = PBXBuildFile; productRef = 742D647225F7DD6E001A9E05 /* Tagged */; };
		742D647A25F7DD87001A9E05 /* Tagged in Frameworks */ = {isa = PBXBuildFile; productRef = 742D647925F7DD87001A9E05 /* Tagged */; };
		742D64A525F7DF5B001A9E05 /* SongsTests.swift in Sources */ = {isa = PBXBuildFile; fileRef = 742D64A425F7DF5B001A9E05 /* SongsTests.swift */; };
/* End PBXBuildFile section */

/* Begin PBXContainerItemProxy section */
		742D64A725F7DF5B001A9E05 /* PBXContainerItemProxy */ = {
			isa = PBXContainerItemProxy;
			containerPortal = 742D642125F7DD02001A9E05 /* Project object */;
			proxyType = 1;
			remoteGlobalIDString = 742D642C25F7DD05001A9E05;
			remoteInfo = "Songs (iOS)";
		};
/* End PBXContainerItemProxy section */

/* Begin PBXFileReference section */
		74146D2725F7F81B00AFA881 /* ThreeColumnView.swift */ = {isa = PBXFileReference; lastKnownFileType = sourcecode.swift; path = ThreeColumnView.swift; sourceTree = "<group>"; };
		7419F62E25FAD157006C31F2 /* Model.swift */ = {isa = PBXFileReference; lastKnownFileType = sourcecode.swift; path = Model.swift; sourceTree = "<group>"; };
		7419F63825FAD21F006C31F2 /* SongTextState.swift */ = {isa = PBXFileReference; lastKnownFileType = sourcecode.swift; path = SongTextState.swift; sourceTree = "<group>"; };
		741FED7225FBC6C000619E77 /* LanguageMenu.swift */ = {isa = PBXFileReference; lastKnownFileType = sourcecode.swift; path = LanguageMenu.swift; sourceTree = "<group>"; };
		741FED7725FBFA0600619E77 /* ViewRequirements.swift */ = {isa = PBXFileReference; lastKnownFileType = sourcecode.swift; path = ViewRequirements.swift; sourceTree = "<group>"; };
		741FED8225FBFDE000619E77 /* MemoryDB+View.swift */ = {isa = PBXFileReference; lastKnownFileType = sourcecode.swift; path = "MemoryDB+View.swift"; sourceTree = "<group>"; };
		742024D225F825F90067814D /* ThemesController.swift */ = {isa = PBXFileReference; lastKnownFileType = sourcecode.swift; path = ThemesController.swift; sourceTree = "<group>"; };
		742024E825F8C8780067814D /* ThemesDataSource.swift */ = {isa = PBXFileReference; lastKnownFileType = sourcecode.swift; path = ThemesDataSource.swift; sourceTree = "<group>"; };
		742024F025F8D8990067814D /* CollectionController.swift */ = {isa = PBXFileReference; lastKnownFileType = sourcecode.swift; path = CollectionController.swift; sourceTree = "<group>"; };
		742024F525F8D9AE0067814D /* SongsController.swift */ = {isa = PBXFileReference; lastKnownFileType = sourcecode.swift; path = SongsController.swift; sourceTree = "<group>"; };
		7420250A25F8DBFD0067814D /* SongsDataSource.swift */ = {isa = PBXFileReference; lastKnownFileType = sourcecode.swift; path = SongsDataSource.swift; sourceTree = "<group>"; };
		742D642625F7DD02001A9E05 /* SongsApp.swift */ = {isa = PBXFileReference; lastKnownFileType = sourcecode.swift; path = SongsApp.swift; sourceTree = "<group>"; };
		742D642725F7DD02001A9E05 /* ContentView.swift */ = {isa = PBXFileReference; lastKnownFileType = sourcecode.swift; path = ContentView.swift; sourceTree = "<group>"; };
		742D642825F7DD05001A9E05 /* Assets.xcassets */ = {isa = PBXFileReference; lastKnownFileType = folder.assetcatalog; path = Assets.xcassets; sourceTree = "<group>"; };
		742D642D25F7DD05001A9E05 /* Songs.app */ = {isa = PBXFileReference; explicitFileType = wrapper.application; includeInIndex = 0; path = Songs.app; sourceTree = BUILT_PRODUCTS_DIR; };
		742D643025F7DD05001A9E05 /* Info.plist */ = {isa = PBXFileReference; lastKnownFileType = text.plist.xml; path = Info.plist; sourceTree = "<group>"; };
		742D643525F7DD05001A9E05 /* Songs.app */ = {isa = PBXFileReference; explicitFileType = wrapper.application; includeInIndex = 0; path = Songs.app; sourceTree = BUILT_PRODUCTS_DIR; };
		742D643725F7DD05001A9E05 /* Info.plist */ = {isa = PBXFileReference; lastKnownFileType = text.plist.xml; path = Info.plist; sourceTree = "<group>"; };
		742D643825F7DD05001A9E05 /* macOS.entitlements */ = {isa = PBXFileReference; lastKnownFileType = text.plist.entitlements; path = macOS.entitlements; sourceTree = "<group>"; };
		742D646725F7DD4A001A9E05 /* BrowserState.swift */ = {isa = PBXFileReference; fileEncoding = 4; lastKnownFileType = sourcecode.swift; path = BrowserState.swift; sourceTree = "<group>"; };
		742D646825F7DD4A001A9E05 /* MemoryDB.swift */ = {isa = PBXFileReference; fileEncoding = 4; lastKnownFileType = sourcecode.swift; path = MemoryDB.swift; sourceTree = "<group>"; };
		742D64A225F7DF5B001A9E05 /* SongsTests.xctest */ = {isa = PBXFileReference; explicitFileType = wrapper.cfbundle; includeInIndex = 0; path = SongsTests.xctest; sourceTree = BUILT_PRODUCTS_DIR; };
		742D64A425F7DF5B001A9E05 /* SongsTests.swift */ = {isa = PBXFileReference; lastKnownFileType = sourcecode.swift; path = SongsTests.swift; sourceTree = "<group>"; };
		742D64A625F7DF5B001A9E05 /* Info.plist */ = {isa = PBXFileReference; lastKnownFileType = text.plist.xml; path = Info.plist; sourceTree = "<group>"; };
/* End PBXFileReference section */

/* Begin PBXFrameworksBuildPhase section */
		742D642A25F7DD05001A9E05 /* Frameworks */ = {
			isa = PBXFrameworksBuildPhase;
			buildActionMask = 2147483647;
			files = (
				742D647325F7DD6E001A9E05 /* Tagged in Frameworks */,
			);
			runOnlyForDeploymentPostprocessing = 0;
		};
		742D643225F7DD05001A9E05 /* Frameworks */ = {
			isa = PBXFrameworksBuildPhase;
			buildActionMask = 2147483647;
			files = (
				742D647A25F7DD87001A9E05 /* Tagged in Frameworks */,
			);
			runOnlyForDeploymentPostprocessing = 0;
		};
		742D649F25F7DF5B001A9E05 /* Frameworks */ = {
			isa = PBXFrameworksBuildPhase;
			buildActionMask = 2147483647;
			files = (
			);
			runOnlyForDeploymentPostprocessing = 0;
		};
/* End PBXFrameworksBuildPhase section */

/* Begin PBXGroup section */
		7419F63425FAD1F8006C31F2 /* ViewModel */ = {
			isa = PBXGroup;
			children = (
				742D646725F7DD4A001A9E05 /* BrowserState.swift */,
				7419F63825FAD21F006C31F2 /* SongTextState.swift */,
			);
			path = ViewModel;
			sourceTree = "<group>";
		};
		741FED7125FBC6A800619E77 /* View */ = {
			isa = PBXGroup;
			children = (
				741FED7725FBFA0600619E77 /* ViewRequirements.swift */,
				741FED8225FBFDE000619E77 /* MemoryDB+View.swift */,
				741FED7225FBC6C000619E77 /* LanguageMenu.swift */,
			);
			path = View;
			sourceTree = "<group>";
		};
		742024E425F8C84D0067814D /* Themes */ = {
			isa = PBXGroup;
			children = (
				742024D225F825F90067814D /* ThemesController.swift */,
				742024E825F8C8780067814D /* ThemesDataSource.swift */,
			);
			path = Themes;
			sourceTree = "<group>";
		};
		742024FD25F8DBA60067814D /* Songs */ = {
			isa = PBXGroup;
			children = (
				742024F525F8D9AE0067814D /* SongsController.swift */,
				7420250A25F8DBFD0067814D /* SongsDataSource.swift */,
			);
			path = Songs;
			sourceTree = "<group>";
		};
		742D642025F7DD02001A9E05 = {
			isa = PBXGroup;
			children = (
				742D642525F7DD02001A9E05 /* Shared */,
				742D642F25F7DD05001A9E05 /* iOS */,
				742D643625F7DD05001A9E05 /* macOS */,
				742D64A325F7DF5B001A9E05 /* SongsTests */,
				742D642E25F7DD05001A9E05 /* Products */,
				742D647825F7DD87001A9E05 /* Frameworks */,
			);
			sourceTree = "<group>";
		};
		742D642525F7DD02001A9E05 /* Shared */ = {
			isa = PBXGroup;
			children = (
				742D642625F7DD02001A9E05 /* SongsApp.swift */,
				742D642725F7DD02001A9E05 /* ContentView.swift */,
				7419F63425FAD1F8006C31F2 /* ViewModel */,
				7419F62E25FAD157006C31F2 /* Model.swift */,
				741FED7125FBC6A800619E77 /* View */,
				742D646825F7DD4A001A9E05 /* MemoryDB.swift */,
				742D642825F7DD05001A9E05 /* Assets.xcassets */,
			);
			path = Shared;
			sourceTree = "<group>";
		};
		742D642E25F7DD05001A9E05 /* Products */ = {
			isa = PBXGroup;
			children = (
				742D642D25F7DD05001A9E05 /* Songs.app */,
				742D643525F7DD05001A9E05 /* Songs.app */,
				742D64A225F7DF5B001A9E05 /* SongsTests.xctest */,
			);
			name = Products;
			sourceTree = "<group>";
		};
		742D642F25F7DD05001A9E05 /* iOS */ = {
			isa = PBXGroup;
			children = (
				742D643025F7DD05001A9E05 /* Info.plist */,
				74146D2725F7F81B00AFA881 /* ThreeColumnView.swift */,
				742024F025F8D8990067814D /* CollectionController.swift */,
				742024E425F8C84D0067814D /* Themes */,
				742024FD25F8DBA60067814D /* Songs */,
			);
			path = iOS;
			sourceTree = "<group>";
		};
		742D643625F7DD05001A9E05 /* macOS */ = {
			isa = PBXGroup;
			children = (
				742D643725F7DD05001A9E05 /* Info.plist */,
				742D643825F7DD05001A9E05 /* macOS.entitlements */,
			);
			path = macOS;
			sourceTree = "<group>";
		};
		742D647825F7DD87001A9E05 /* Frameworks */ = {
			isa = PBXGroup;
			children = (
			);
			name = Frameworks;
			sourceTree = "<group>";
		};
		742D64A325F7DF5B001A9E05 /* SongsTests */ = {
			isa = PBXGroup;
			children = (
				742D64A425F7DF5B001A9E05 /* SongsTests.swift */,
				742D64A625F7DF5B001A9E05 /* Info.plist */,
			);
			path = SongsTests;
			sourceTree = "<group>";
		};
/* End PBXGroup section */

/* Begin PBXNativeTarget section */
		742D642C25F7DD05001A9E05 /* Songs (iOS) */ = {
			isa = PBXNativeTarget;
			buildConfigurationList = 742D645725F7DD05001A9E05 /* Build configuration list for PBXNativeTarget "Songs (iOS)" */;
			buildPhases = (
				742D642925F7DD05001A9E05 /* Sources */,
				742D642A25F7DD05001A9E05 /* Frameworks */,
				742D642B25F7DD05001A9E05 /* Resources */,
			);
			buildRules = (
			);
			dependencies = (
			);
			name = "Songs (iOS)";
			packageProductDependencies = (
				742D647225F7DD6E001A9E05 /* Tagged */,
			);
			productName = "Songs (iOS)";
			productReference = 742D642D25F7DD05001A9E05 /* Songs.app */;
			productType = "com.apple.product-type.application";
		};
		742D643425F7DD05001A9E05 /* Songs (macOS) */ = {
			isa = PBXNativeTarget;
			buildConfigurationList = 742D645A25F7DD05001A9E05 /* Build configuration list for PBXNativeTarget "Songs (macOS)" */;
			buildPhases = (
				742D643125F7DD05001A9E05 /* Sources */,
				742D643225F7DD05001A9E05 /* Frameworks */,
				742D643325F7DD05001A9E05 /* Resources */,
			);
			buildRules = (
			);
			dependencies = (
			);
			name = "Songs (macOS)";
			packageProductDependencies = (
				742D647925F7DD87001A9E05 /* Tagged */,
			);
			productName = "Songs (macOS)";
			productReference = 742D643525F7DD05001A9E05 /* Songs.app */;
			productType = "com.apple.product-type.application";
		};
		742D64A125F7DF5B001A9E05 /* SongsTests */ = {
			isa = PBXNativeTarget;
			buildConfigurationList = 742D64A925F7DF5B001A9E05 /* Build configuration list for PBXNativeTarget "SongsTests" */;
			buildPhases = (
				742D649E25F7DF5B001A9E05 /* Sources */,
				742D649F25F7DF5B001A9E05 /* Frameworks */,
				742D64A025F7DF5B001A9E05 /* Resources */,
			);
			buildRules = (
			);
			dependencies = (
				742D64A825F7DF5B001A9E05 /* PBXTargetDependency */,
			);
			name = SongsTests;
			productName = SongsTests;
			productReference = 742D64A225F7DF5B001A9E05 /* SongsTests.xctest */;
			productType = "com.apple.product-type.bundle.unit-test";
		};
/* End PBXNativeTarget section */

/* Begin PBXProject section */
		742D642125F7DD02001A9E05 /* Project object */ = {
			isa = PBXProject;
			attributes = {
				LastSwiftUpdateCheck = 1240;
				LastUpgradeCheck = 1240;
				TargetAttributes = {
					742D642C25F7DD05001A9E05 = {
						CreatedOnToolsVersion = 12.4;
					};
					742D643425F7DD05001A9E05 = {
						CreatedOnToolsVersion = 12.4;
					};
					742D64A125F7DF5B001A9E05 = {
						CreatedOnToolsVersion = 12.4;
						TestTargetID = 742D642C25F7DD05001A9E05;
					};
				};
			};
			buildConfigurationList = 742D642425F7DD02001A9E05 /* Build configuration list for PBXProject "Songs" */;
			compatibilityVersion = "Xcode 9.3";
			developmentRegion = en;
			hasScannedForEncodings = 0;
			knownRegions = (
				en,
				Base,
			);
			mainGroup = 742D642025F7DD02001A9E05;
			packageReferences = (
				742D647125F7DD6E001A9E05 /* XCRemoteSwiftPackageReference "swift-tagged" */,
			);
			productRefGroup = 742D642E25F7DD05001A9E05 /* Products */;
			projectDirPath = "";
			projectRoot = "";
			targets = (
				742D642C25F7DD05001A9E05 /* Songs (iOS) */,
				742D643425F7DD05001A9E05 /* Songs (macOS) */,
				742D64A125F7DF5B001A9E05 /* SongsTests */,
			);
		};
/* End PBXProject section */

/* Begin PBXResourcesBuildPhase section */
		742D642B25F7DD05001A9E05 /* Resources */ = {
			isa = PBXResourcesBuildPhase;
			buildActionMask = 2147483647;
			files = (
				742D645325F7DD05001A9E05 /* Assets.xcassets in Resources */,
			);
			runOnlyForDeploymentPostprocessing = 0;
		};
		742D643325F7DD05001A9E05 /* Resources */ = {
			isa = PBXResourcesBuildPhase;
			buildActionMask = 2147483647;
			files = (
				742D645425F7DD05001A9E05 /* Assets.xcassets in Resources */,
			);
			runOnlyForDeploymentPostprocessing = 0;
		};
		742D64A025F7DF5B001A9E05 /* Resources */ = {
			isa = PBXResourcesBuildPhase;
			buildActionMask = 2147483647;
			files = (
			);
			runOnlyForDeploymentPostprocessing = 0;
		};
/* End PBXResourcesBuildPhase section */

/* Begin PBXSourcesBuildPhase section */
		742D642925F7DD05001A9E05 /* Sources */ = {
			isa = PBXSourcesBuildPhase;
			buildActionMask = 2147483647;
			files = (
				741FED7825FBFA0600619E77 /* ViewRequirements.swift in Sources */,
				742D646B25F7DD4A001A9E05 /* MemoryDB.swift in Sources */,
				7420250B25F8DBFD0067814D /* SongsDataSource.swift in Sources */,
				742024D325F825F90067814D /* ThemesController.swift in Sources */,
				741FED7325FBC6C000619E77 /* LanguageMenu.swift in Sources */,
				7419F63925FAD21F006C31F2 /* SongTextState.swift in Sources */,
				742D645125F7DD05001A9E05 /* ContentView.swift in Sources */,
				741FED8325FBFDE000619E77 /* MemoryDB+View.swift in Sources */,
				742D646925F7DD4A001A9E05 /* BrowserState.swift in Sources */,
				742D644F25F7DD05001A9E05 /* SongsApp.swift in Sources */,
				742024F125F8D8990067814D /* CollectionController.swift in Sources */,
				742024F625F8D9AE0067814D /* SongsController.swift in Sources */,
				7419F62F25FAD157006C31F2 /* Model.swift in Sources */,
				742024E925F8C8780067814D /* ThemesDataSource.swift in Sources */,
				74146D2825F7F81B00AFA881 /* ThreeColumnView.swift in Sources */,
			);
			runOnlyForDeploymentPostprocessing = 0;
		};
		742D643125F7DD05001A9E05 /* Sources */ = {
			isa = PBXSourcesBuildPhase;
			buildActionMask = 2147483647;
			files = (
				7419F63025FAD157006C31F2 /* Model.swift in Sources */,
				742D646C25F7DD4A001A9E05 /* MemoryDB.swift in Sources */,
				742D645225F7DD05001A9E05 /* ContentView.swift in Sources */,
				7419F63A25FAD21F006C31F2 /* SongTextState.swift in Sources */,
				741FED8725FBFDE700619E77 /* MemoryDB+View.swift in Sources */,
				742D646A25F7DD4A001A9E05 /* BrowserState.swift in Sources */,
				742D645025F7DD05001A9E05 /* SongsApp.swift in Sources */,
			);
			runOnlyForDeploymentPostprocessing = 0;
		};
		742D649E25F7DF5B001A9E05 /* Sources */ = {
			isa = PBXSourcesBuildPhase;
			buildActionMask = 2147483647;
			files = (
				742D64A525F7DF5B001A9E05 /* SongsTests.swift in Sources */,
			);
			runOnlyForDeploymentPostprocessing = 0;
		};
/* End PBXSourcesBuildPhase section */

/* Begin PBXTargetDependency section */
		742D64A825F7DF5B001A9E05 /* PBXTargetDependency */ = {
			isa = PBXTargetDependency;
			target = 742D642C25F7DD05001A9E05 /* Songs (iOS) */;
			targetProxy = 742D64A725F7DF5B001A9E05 /* PBXContainerItemProxy */;
		};
/* End PBXTargetDependency section */

/* Begin XCBuildConfiguration section */
		742D645525F7DD05001A9E05 /* Debug */ = {
			isa = XCBuildConfiguration;
			buildSettings = {
				ALWAYS_SEARCH_USER_PATHS = NO;
				CLANG_ANALYZER_NONNULL = YES;
				CLANG_ANALYZER_NUMBER_OBJECT_CONVERSION = YES_AGGRESSIVE;
				CLANG_CXX_LANGUAGE_STANDARD = "gnu++14";
				CLANG_CXX_LIBRARY = "libc++";
				CLANG_ENABLE_MODULES = YES;
				CLANG_ENABLE_OBJC_ARC = YES;
				CLANG_ENABLE_OBJC_WEAK = YES;
				CLANG_WARN_BLOCK_CAPTURE_AUTORELEASING = YES;
				CLANG_WARN_BOOL_CONVERSION = YES;
				CLANG_WARN_COMMA = YES;
				CLANG_WARN_CONSTANT_CONVERSION = YES;
				CLANG_WARN_DEPRECATED_OBJC_IMPLEMENTATIONS = YES;
				CLANG_WARN_DIRECT_OBJC_ISA_USAGE = YES_ERROR;
				CLANG_WARN_DOCUMENTATION_COMMENTS = YES;
				CLANG_WARN_EMPTY_BODY = YES;
				CLANG_WARN_ENUM_CONVERSION = YES;
				CLANG_WARN_INFINITE_RECURSION = YES;
				CLANG_WARN_INT_CONVERSION = YES;
				CLANG_WARN_NON_LITERAL_NULL_CONVERSION = YES;
				CLANG_WARN_OBJC_IMPLICIT_RETAIN_SELF = YES;
				CLANG_WARN_OBJC_LITERAL_CONVERSION = YES;
				CLANG_WARN_OBJC_ROOT_CLASS = YES_ERROR;
				CLANG_WARN_QUOTED_INCLUDE_IN_FRAMEWORK_HEADER = YES;
				CLANG_WARN_RANGE_LOOP_ANALYSIS = YES;
				CLANG_WARN_STRICT_PROTOTYPES = YES;
				CLANG_WARN_SUSPICIOUS_MOVE = YES;
				CLANG_WARN_UNGUARDED_AVAILABILITY = YES_AGGRESSIVE;
				CLANG_WARN_UNREACHABLE_CODE = YES;
				CLANG_WARN__DUPLICATE_METHOD_MATCH = YES;
				COPY_PHASE_STRIP = NO;
				DEBUG_INFORMATION_FORMAT = dwarf;
				ENABLE_STRICT_OBJC_MSGSEND = YES;
				ENABLE_TESTABILITY = YES;
				GCC_C_LANGUAGE_STANDARD = gnu11;
				GCC_DYNAMIC_NO_PIC = NO;
				GCC_NO_COMMON_BLOCKS = YES;
				GCC_OPTIMIZATION_LEVEL = 0;
				GCC_PREPROCESSOR_DEFINITIONS = (
					"DEBUG=1",
					"$(inherited)",
				);
				GCC_WARN_64_TO_32_BIT_CONVERSION = YES;
				GCC_WARN_ABOUT_RETURN_TYPE = YES_ERROR;
				GCC_WARN_UNDECLARED_SELECTOR = YES;
				GCC_WARN_UNINITIALIZED_AUTOS = YES_AGGRESSIVE;
				GCC_WARN_UNUSED_FUNCTION = YES;
				GCC_WARN_UNUSED_VARIABLE = YES;
				MTL_ENABLE_DEBUG_INFO = INCLUDE_SOURCE;
				MTL_FAST_MATH = YES;
				ONLY_ACTIVE_ARCH = YES;
				SWIFT_ACTIVE_COMPILATION_CONDITIONS = DEBUG;
				SWIFT_OPTIMIZATION_LEVEL = "-Onone";
			};
			name = Debug;
		};
		742D645625F7DD05001A9E05 /* Release */ = {
			isa = XCBuildConfiguration;
			buildSettings = {
				ALWAYS_SEARCH_USER_PATHS = NO;
				CLANG_ANALYZER_NONNULL = YES;
				CLANG_ANALYZER_NUMBER_OBJECT_CONVERSION = YES_AGGRESSIVE;
				CLANG_CXX_LANGUAGE_STANDARD = "gnu++14";
				CLANG_CXX_LIBRARY = "libc++";
				CLANG_ENABLE_MODULES = YES;
				CLANG_ENABLE_OBJC_ARC = YES;
				CLANG_ENABLE_OBJC_WEAK = YES;
				CLANG_WARN_BLOCK_CAPTURE_AUTORELEASING = YES;
				CLANG_WARN_BOOL_CONVERSION = YES;
				CLANG_WARN_COMMA = YES;
				CLANG_WARN_CONSTANT_CONVERSION = YES;
				CLANG_WARN_DEPRECATED_OBJC_IMPLEMENTATIONS = YES;
				CLANG_WARN_DIRECT_OBJC_ISA_USAGE = YES_ERROR;
				CLANG_WARN_DOCUMENTATION_COMMENTS = YES;
				CLANG_WARN_EMPTY_BODY = YES;
				CLANG_WARN_ENUM_CONVERSION = YES;
				CLANG_WARN_INFINITE_RECURSION = YES;
				CLANG_WARN_INT_CONVERSION = YES;
				CLANG_WARN_NON_LITERAL_NULL_CONVERSION = YES;
				CLANG_WARN_OBJC_IMPLICIT_RETAIN_SELF = YES;
				CLANG_WARN_OBJC_LITERAL_CONVERSION = YES;
				CLANG_WARN_OBJC_ROOT_CLASS = YES_ERROR;
				CLANG_WARN_QUOTED_INCLUDE_IN_FRAMEWORK_HEADER = YES;
				CLANG_WARN_RANGE_LOOP_ANALYSIS = YES;
				CLANG_WARN_STRICT_PROTOTYPES = YES;
				CLANG_WARN_SUSPICIOUS_MOVE = YES;
				CLANG_WARN_UNGUARDED_AVAILABILITY = YES_AGGRESSIVE;
				CLANG_WARN_UNREACHABLE_CODE = YES;
				CLANG_WARN__DUPLICATE_METHOD_MATCH = YES;
				COPY_PHASE_STRIP = NO;
				DEBUG_INFORMATION_FORMAT = "dwarf-with-dsym";
				ENABLE_NS_ASSERTIONS = NO;
				ENABLE_STRICT_OBJC_MSGSEND = YES;
				GCC_C_LANGUAGE_STANDARD = gnu11;
				GCC_NO_COMMON_BLOCKS = YES;
				GCC_WARN_64_TO_32_BIT_CONVERSION = YES;
				GCC_WARN_ABOUT_RETURN_TYPE = YES_ERROR;
				GCC_WARN_UNDECLARED_SELECTOR = YES;
				GCC_WARN_UNINITIALIZED_AUTOS = YES_AGGRESSIVE;
				GCC_WARN_UNUSED_FUNCTION = YES;
				GCC_WARN_UNUSED_VARIABLE = YES;
				MTL_ENABLE_DEBUG_INFO = NO;
				MTL_FAST_MATH = YES;
				SWIFT_COMPILATION_MODE = wholemodule;
				SWIFT_OPTIMIZATION_LEVEL = "-O";
			};
			name = Release;
		};
		742D645825F7DD05001A9E05 /* Debug */ = {
			isa = XCBuildConfiguration;
			buildSettings = {
				ASSETCATALOG_COMPILER_APPICON_NAME = AppIcon;
				ASSETCATALOG_COMPILER_GLOBAL_ACCENT_COLOR_NAME = AccentColor;
				CODE_SIGN_STYLE = Automatic;
				DEVELOPMENT_TEAM = 7TD9A665TC;
				ENABLE_PREVIEWS = YES;
				INFOPLIST_FILE = iOS/Info.plist;
				IPHONEOS_DEPLOYMENT_TARGET = 14.0;
				LD_RUNPATH_SEARCH_PATHS = (
					"$(inherited)",
					"@executable_path/Frameworks",
				);
				PRODUCT_BUNDLE_IDENTIFIER = com.devian.Songs;
				PRODUCT_NAME = Songs;
				SDKROOT = iphoneos;
				SWIFT_VERSION = 5.0;
				TARGETED_DEVICE_FAMILY = "1,2";
			};
			name = Debug;
		};
		742D645925F7DD05001A9E05 /* Release */ = {
			isa = XCBuildConfiguration;
			buildSettings = {
				ASSETCATALOG_COMPILER_APPICON_NAME = AppIcon;
				ASSETCATALOG_COMPILER_GLOBAL_ACCENT_COLOR_NAME = AccentColor;
				CODE_SIGN_STYLE = Automatic;
				DEVELOPMENT_TEAM = 7TD9A665TC;
				ENABLE_PREVIEWS = YES;
				INFOPLIST_FILE = iOS/Info.plist;
				IPHONEOS_DEPLOYMENT_TARGET = 14.0;
				LD_RUNPATH_SEARCH_PATHS = (
					"$(inherited)",
					"@executable_path/Frameworks",
				);
				PRODUCT_BUNDLE_IDENTIFIER = com.devian.Songs;
				PRODUCT_NAME = Songs;
				SDKROOT = iphoneos;
				SWIFT_VERSION = 5.0;
				TARGETED_DEVICE_FAMILY = "1,2";
				VALIDATE_PRODUCT = YES;
			};
			name = Release;
		};
		742D645B25F7DD05001A9E05 /* Debug */ = {
			isa = XCBuildConfiguration;
			buildSettings = {
				ASSETCATALOG_COMPILER_APPICON_NAME = AppIcon;
				ASSETCATALOG_COMPILER_GLOBAL_ACCENT_COLOR_NAME = AccentColor;
				CODE_SIGN_ENTITLEMENTS = macOS/macOS.entitlements;
				CODE_SIGN_STYLE = Automatic;
				COMBINE_HIDPI_IMAGES = YES;
				DEVELOPMENT_TEAM = 7TD9A665TC;
				ENABLE_HARDENED_RUNTIME = YES;
				ENABLE_PREVIEWS = YES;
				INFOPLIST_FILE = macOS/Info.plist;
				LD_RUNPATH_SEARCH_PATHS = (
					"$(inherited)",
					"@executable_path/../Frameworks",
				);
				MACOSX_DEPLOYMENT_TARGET = 11.0;
				PRODUCT_BUNDLE_IDENTIFIER = com.devian.Songs;
				PRODUCT_NAME = Songs;
				SDKROOT = macosx;
				SWIFT_VERSION = 5.0;
			};
			name = Debug;
		};
		742D645C25F7DD05001A9E05 /* Release */ = {
			isa = XCBuildConfiguration;
			buildSettings = {
				ASSETCATALOG_COMPILER_APPICON_NAME = AppIcon;
				ASSETCATALOG_COMPILER_GLOBAL_ACCENT_COLOR_NAME = AccentColor;
				CODE_SIGN_ENTITLEMENTS = macOS/macOS.entitlements;
				CODE_SIGN_STYLE = Automatic;
				COMBINE_HIDPI_IMAGES = YES;
				DEVELOPMENT_TEAM = 7TD9A665TC;
				ENABLE_HARDENED_RUNTIME = YES;
				ENABLE_PREVIEWS = YES;
				INFOPLIST_FILE = macOS/Info.plist;
				LD_RUNPATH_SEARCH_PATHS = (
					"$(inherited)",
					"@executable_path/../Frameworks",
				);
				MACOSX_DEPLOYMENT_TARGET = 11.0;
				PRODUCT_BUNDLE_IDENTIFIER = com.devian.Songs;
				PRODUCT_NAME = Songs;
				SDKROOT = macosx;
				SWIFT_VERSION = 5.0;
			};
			name = Release;
		};
		742D64AA25F7DF5B001A9E05 /* Debug */ = {
			isa = XCBuildConfiguration;
			buildSettings = {
				BUNDLE_LOADER = "$(TEST_HOST)";
				CODE_SIGN_STYLE = Automatic;
				DEVELOPMENT_TEAM = 7TD9A665TC;
				INFOPLIST_FILE = SongsTests/Info.plist;
				IPHONEOS_DEPLOYMENT_TARGET = 14.4;
				LD_RUNPATH_SEARCH_PATHS = (
					"$(inherited)",
					"@executable_path/Frameworks",
					"@loader_path/Frameworks",
				);
				PRODUCT_BUNDLE_IDENTIFIER = com.devian.SongsTests;
				PRODUCT_NAME = "$(TARGET_NAME)";
				SDKROOT = iphoneos;
				SWIFT_VERSION = 5.0;
				TARGETED_DEVICE_FAMILY = "1,2";
				TEST_HOST = "$(BUILT_PRODUCTS_DIR)/Songs.app/Songs";
			};
			name = Debug;
		};
		742D64AB25F7DF5B001A9E05 /* Release */ = {
			isa = XCBuildConfiguration;
			buildSettings = {
				BUNDLE_LOADER = "$(TEST_HOST)";
				CODE_SIGN_STYLE = Automatic;
				DEVELOPMENT_TEAM = 7TD9A665TC;
				INFOPLIST_FILE = SongsTests/Info.plist;
				IPHONEOS_DEPLOYMENT_TARGET = 14.4;
				LD_RUNPATH_SEARCH_PATHS = (
					"$(inherited)",
					"@executable_path/Frameworks",
					"@loader_path/Frameworks",
				);
				PRODUCT_BUNDLE_IDENTIFIER = com.devian.SongsTests;
				PRODUCT_NAME = "$(TARGET_NAME)";
				SDKROOT = iphoneos;
				SWIFT_VERSION = 5.0;
				TARGETED_DEVICE_FAMILY = "1,2";
				TEST_HOST = "$(BUILT_PRODUCTS_DIR)/Songs.app/Songs";
				VALIDATE_PRODUCT = YES;
			};
			name = Release;
		};
/* End XCBuildConfiguration section */

/* Begin XCConfigurationList section */
		742D642425F7DD02001A9E05 /* Build configuration list for PBXProject "Songs" */ = {
			isa = XCConfigurationList;
			buildConfigurations = (
				742D645525F7DD05001A9E05 /* Debug */,
				742D645625F7DD05001A9E05 /* Release */,
			);
			defaultConfigurationIsVisible = 0;
			defaultConfigurationName = Release;
		};
		742D645725F7DD05001A9E05 /* Build configuration list for PBXNativeTarget "Songs (iOS)" */ = {
			isa = XCConfigurationList;
			buildConfigurations = (
				742D645825F7DD05001A9E05 /* Debug */,
				742D645925F7DD05001A9E05 /* Release */,
			);
			defaultConfigurationIsVisible = 0;
			defaultConfigurationName = Release;
		};
		742D645A25F7DD05001A9E05 /* Build configuration list for PBXNativeTarget "Songs (macOS)" */ = {
			isa = XCConfigurationList;
			buildConfigurations = (
				742D645B25F7DD05001A9E05 /* Debug */,
				742D645C25F7DD05001A9E05 /* Release */,
			);
			defaultConfigurationIsVisible = 0;
			defaultConfigurationName = Release;
		};
		742D64A925F7DF5B001A9E05 /* Build configuration list for PBXNativeTarget "SongsTests" */ = {
			isa = XCConfigurationList;
			buildConfigurations = (
				742D64AA25F7DF5B001A9E05 /* Debug */,
				742D64AB25F7DF5B001A9E05 /* Release */,
			);
			defaultConfigurationIsVisible = 0;
			defaultConfigurationName = Release;
		};
/* End XCConfigurationList section */

/* Begin XCRemoteSwiftPackageReference section */
		742D647125F7DD6E001A9E05 /* XCRemoteSwiftPackageReference "swift-tagged" */ = {
			isa = XCRemoteSwiftPackageReference;
			repositoryURL = "https://github.com/pointfreeco/swift-tagged";
			requirement = {
				kind = upToNextMajorVersion;
				minimumVersion = 0.5.0;
			};
		};
/* End XCRemoteSwiftPackageReference section */

/* Begin XCSwiftPackageProductDependency section */
		742D647225F7DD6E001A9E05 /* Tagged */ = {
			isa = XCSwiftPackageProductDependency;
			package = 742D647125F7DD6E001A9E05 /* XCRemoteSwiftPackageReference "swift-tagged" */;
			productName = Tagged;
		};
		742D647925F7DD87001A9E05 /* Tagged */ = {
			isa = XCSwiftPackageProductDependency;
			package = 742D647125F7DD6E001A9E05 /* XCRemoteSwiftPackageReference "swift-tagged" */;
			productName = Tagged;
		};
/* End XCSwiftPackageProductDependency section */
	};
	rootObject = 742D642125F7DD02001A9E05 /* Project object */;
}
